<?xml version="1.0" encoding="utf-8"?>
<Project ToolsVersion="4.0" xmlns="http://schemas.microsoft.com/developer/msbuild/2003">
  <ItemGroup>
    <Filter Include="Source Files">
      <UniqueIdentifier>{4FC737F1-C7A5-4376-A066-2A32D752A2FF}</UniqueIdentifier>
      <Extensions>cpp;c;cc;cxx;c++;cppm;ixx;def;odl;idl;hpj;bat;asm;asmx</Extensions>
    </Filter>
    <Filter Include="Header Files">
      <UniqueIdentifier>{93995380-89BD-4b04-88EB-625FBE52EBFB}</UniqueIdentifier>
      <Extensions>h;hh;hpp;hxx;h++;hm;inl;inc;ipp;xsd</Extensions>
    </Filter>
    <Filter Include="Resource Files">
      <UniqueIdentifier>{67DA6AB6-F800-4c08-8B7A-83BB121AAD01}</UniqueIdentifier>
      <Extensions>rc;ico;cur;bmp;dlg;rc2;rct;bin;rgs;gif;jpg;jpeg;jpe;resx;tiff;tif;png;wav;mfcribbon-ms</Extensions>
    </Filter>
    <Filter Include="Assets">
      <UniqueIdentifier>{969ed370-6db4-4a4b-9d63-2728c1a89807}</UniqueIdentifier>
    </Filter>
    <Filter Include="Assets\Shaders">
      <UniqueIdentifier>{f589ed83-69ba-4e30-904d-47833693f691}</UniqueIdentifier>
    </Filter>
    <Filter Include="src">
      <UniqueIdentifier>{88bd0e76-4756-426c-a4ef-49d03047e448}</UniqueIdentifier>
    </Filter>
    <Filter Include="src\Core">
      <UniqueIdentifier>{e546518e-66d6-48d7-9c03-3f6fea38dd68}</UniqueIdentifier>
    </Filter>
    <Filter Include="src\Graphics">
      <UniqueIdentifier>{e6eaaa52-baa6-4f6e-9350-3a3f0ae8a6a2}</UniqueIdentifier>
    </Filter>
    <Filter Include="src\Entities">
      <UniqueIdentifier>{710e8782-04a9-468b-a85f-a10a3fac43f4}</UniqueIdentifier>
    </Filter>
    <Filter Include="Vendors">
      <UniqueIdentifier>{4979559d-7316-4999-b9cc-c17ca0b9888e}</UniqueIdentifier>
    </Filter>
    <Filter Include="Assets\Textures">
      <UniqueIdentifier>{92efffe1-d56e-416b-bcb6-f2336c0130ef}</UniqueIdentifier>
    </Filter>
  </ItemGroup>
  <ItemGroup>
    <ClCompile Include="..\biblioteki\glad\src\glad.c">
      <Filter>Vendors</Filter>
    </ClCompile>
    <ClCompile Include="Vendors\stb_image.cpp">
      <Filter>Vendors</Filter>
    </ClCompile>
    <ClCompile Include="src\Core\Game.cpp">
      <Filter>src\Core</Filter>
    </ClCompile>
    <ClCompile Include="src\Core\Main.cpp">
      <Filter>src\Core</Filter>
    </ClCompile>
    <ClCompile Include="src\Entities\GameObject.cpp">
      <Filter>src\Entities</Filter>
    </ClCompile>
    <ClCompile Include="src\Entities\Player.cpp">
      <Filter>src\Entities</Filter>
    </ClCompile>
    <ClCompile Include="src\Graphics\Shader.cpp">
      <Filter>src\Graphics</Filter>
    </ClCompile>
    <ClCompile Include="src\Graphics\Texture2D.cpp">
      <Filter>src\Graphics</Filter>
    </ClCompile>
    <ClCompile Include="src\Core\ResourceManager.cpp">
      <Filter>src\Core</Filter>
    </ClCompile>
    <ClCompile Include="src\Graphics\SpriteRenderer.cpp">
      <Filter>src\Graphics</Filter>
    </ClCompile>
  </ItemGroup>
  <ItemGroup>
    <ClInclude Include="src\Core\Game.h">
      <Filter>src\Core</Filter>
    </ClInclude>
    <ClInclude Include="src\Entities\GameObject.h">
      <Filter>src\Entities</Filter>
    </ClInclude>
    <ClInclude Include="src\Entities\Player.h">
      <Filter>src\Entities</Filter>
    </ClInclude>
    <ClInclude Include="src\Graphics\Shader.h">
      <Filter>src\Graphics</Filter>
    </ClInclude>
    <ClInclude Include="src\Core\ResourceManager.h">
      <Filter>src\Core</Filter>
    </ClInclude>
    <ClInclude Include="src\Graphics\Texture2D.h">
      <Filter>src\Graphics</Filter>
    </ClInclude>
    <ClInclude Include="Vendors\stb_image.h">
      <Filter>Vendors</Filter>
    </ClInclude>
    <ClInclude Include="src\Graphics\SpriteRenderer.h">
      <Filter>src\Graphics</Filter>
    </ClInclude>
  </ItemGroup>
  <ItemGroup>
    <None Include="Assets\Shaders\default.frag">
      <Filter>Assets\Shaders</Filter>
    </None>
    <None Include="Assets\Shaders\default.vert">
      <Filter>Assets\Shaders</Filter>
    </None>
  </ItemGroup>
  <ItemGroup>
    <Image Include="Assets\Textures\face.png">
      <Filter>Assets\Textures</Filter>
    </Image>
  </ItemGroup>
</Project>